
Microsoft Visual Studio Solution File, Format Version 12.00
# Visual Studio Version 17
VisualStudioVersion = 17.3.32922.545
MinimumVisualStudioVersion = 10.0.40219.1
Project("{9A19103F-16F7-4668-BE54-9A1E7A4F7556}") = "ConsoleApp2", "ConsoleApp2\ConsoleApp2.csproj", "{F7C55C36-B1AF-431B-A98B-F3257430A0C0}"
EndProject
Project("{9A19103F-16F7-4668-BE54-9A1E7A4F7556}") = "ConsoleApp3", "ConsoleApp3\ConsoleApp3.csproj", "{2A2572D9-FC9C-4572-B4B3-D318F3B6A5B8}"
EndProject
Project("{9A19103F-16F7-4668-BE54-9A1E7A4F7556}") = "ConsoleApp4", "ConsoleApp4\ConsoleApp4.csproj", "{C32C2264-F0D9-4E2C-B0B9-FB97E34DB746}"
EndProject
Global
	GlobalSection(SolutionConfigurationPlatforms) = preSolution
		Debug|Any CPU = Debug|Any CPU
		Release|Any CPU = Release|Any CPU
	EndGlobalSection
	GlobalSection(ProjectConfigurationPlatforms) = postSolution
		{F7C55C36-B1AF-431B-A98B-F3257430A0C0}.Debug|Any CPU.ActiveCfg = Debug|Any CPU
		{F7C55C36-B1AF-431B-A98B-F3257430A0C0}.Debug|Any CPU.Build.0 = Debug|Any CPU
		{F7C55C36-B1AF-431B-A98B-F3257430A0C0}.Release|Any CPU.ActiveCfg = Release|Any CPU
		{F7C55C36-B1AF-431B-A98B-F3257430A0C0}.Release|Any CPU.Build.0 = Release|Any CPU
		{2A2572D9-FC9C-4572-B4B3-D318F3B6A5B8}.Debug|Any CPU.ActiveCfg = Debug|Any CPU
		{2A2572D9-FC9C-4572-B4B3-D318F3B6A5B8}.Debug|Any CPU.Build.0 = Debug|Any CPU
		{2A2572D9-FC9C-4572-B4B3-D318F3B6A5B8}.Release|Any CPU.ActiveCfg = Release|Any CPU
		{2A2572D9-FC9C-4572-B4B3-D318F3B6A5B8}.Release|Any CPU.Build.0 = Release|Any CPU
		{C32C2264-F0D9-4E2C-B0B9-FB97E34DB746}.Debug|Any CPU.ActiveCfg = Debug|Any CPU
		{C32C2264-F0D9-4E2C-B0B9-FB97E34DB746}.Debug|Any CPU.Build.0 = Debug|Any CPU
		{C32C2264-F0D9-4E2C-B0B9-FB97E34DB746}.Release|Any CPU.ActiveCfg = Release|Any CPU
		{C32C2264-F0D9-4E2C-B0B9-FB97E34DB746}.Release|Any CPU.Build.0 = Release|Any CPU
	EndGlobalSection
	GlobalSection(SolutionProperties) = preSolution
		HideSolutionNode = FALSE
	EndGlobalSection
	GlobalSection(ExtensibilityGlobals) = postSolution
		SolutionGuid = {FCEF1DAB-CDDD-4E6C-A897-1F68B375BD36}
	EndGlobalSection
EndGlobal
